
Microsoft Visual Studio Solution File, Format Version 12.00
# Visual Studio Version 16
VisualStudioVersion = 16.0.30804.86
MinimumVisualStudioVersion = 10.0.40219.1
Project("{FAE04EC0-301F-11D3-BF4B-00C04F79EFBC}") = "Calculadora_facturas", "Calculadora_facturas\Calculadora_facturas.csproj", "{13E4FC72-2CA8-4F2E-9E83-AA07FC3BFFAE}"
EndProject
Project("{FAE04EC0-301F-11D3-BF4B-00C04F79EFBC}") = "Calculadora_factura_escritorio", "Calculadora_factura_escritorio\Calculadora_factura_escritorio.csproj", "{7AF29D95-948F-4453-96CD-8DFE2338DA87}"
EndProject
Global
	GlobalSection(SolutionConfigurationPlatforms) = preSolution
		Debug|Any CPU = Debug|Any CPU
		Release|Any CPU = Release|Any CPU
	EndGlobalSection
	GlobalSection(ProjectConfigurationPlatforms) = postSolution
		{13E4FC72-2CA8-4F2E-9E83-AA07FC3BFFAE}.Debug|Any CPU.ActiveCfg = Debug|Any CPU
		{13E4FC72-2CA8-4F2E-9E83-AA07FC3BFFAE}.Debug|Any CPU.Build.0 = Debug|Any CPU
		{13E4FC72-2CA8-4F2E-9E83-AA07FC3BFFAE}.Release|Any CPU.ActiveCfg = Release|Any CPU
		{13E4FC72-2CA8-4F2E-9E83-AA07FC3BFFAE}.Release|Any CPU.Build.0 = Release|Any CPU
		{7AF29D95-948F-4453-96CD-8DFE2338DA87}.Debug|Any CPU.ActiveCfg = Debug|Any CPU
		{7AF29D95-948F-4453-96CD-8DFE2338DA87}.Debug|Any CPU.Build.0 = Debug|Any CPU
		{7AF29D95-948F-4453-96CD-8DFE2338DA87}.Release|Any CPU.ActiveCfg = Release|Any CPU
		{7AF29D95-948F-4453-96CD-8DFE2338DA87}.Release|Any CPU.Build.0 = Release|Any CPU
	EndGlobalSection
	GlobalSection(SolutionProperties) = preSolution
		HideSolutionNode = FALSE
	EndGlobalSection
	GlobalSection(ExtensibilityGlobals) = postSolution
		SolutionGuid = {F85A1E2C-AE67-49D8-9297-EF6CF037B031}
	EndGlobalSection
EndGlobal
